
Microsoft Visual Studio Solution File, Format Version 12.00
# Visual Studio Version 16
VisualStudioVersion = 16.0.31112.23
MinimumVisualStudioVersion = 10.0.40219.1
Project("{9A19103F-16F7-4668-BE54-9A1E7A4F7556}") = "CovidPortal", "CovidPortal.csproj", "{8520AD71-C917-4AF1-B4F9-44FC6996E4AD}"
EndProject
Global
	GlobalSection(SolutionConfigurationPlatforms) = preSolution
		Debug|Any CPU = Debug|Any CPU
		Release|Any CPU = Release|Any CPU
	EndGlobalSection
	GlobalSection(ProjectConfigurationPlatforms) = postSolution
		{8520AD71-C917-4AF1-B4F9-44FC6996E4AD}.Debug|Any CPU.ActiveCfg = Debug|Any CPU
		{8520AD71-C917-4AF1-B4F9-44FC6996E4AD}.Debug|Any CPU.Build.0 = Debug|Any CPU
		{8520AD71-C917-4AF1-B4F9-44FC6996E4AD}.Release|Any CPU.ActiveCfg = Release|Any CPU
		{8520AD71-C917-4AF1-B4F9-44FC6996E4AD}.Release|Any CPU.Build.0 = Release|Any CPU
	EndGlobalSection
	GlobalSection(SolutionProperties) = preSolution
		HideSolutionNode = FALSE
	EndGlobalSection
	GlobalSection(ExtensibilityGlobals) = postSolution
		SolutionGuid = {C4BB4BF3-4CD9-4C3A-8364-64EBC2FDEB0D}
	EndGlobalSection
EndGlobal
